
Microsoft Visual Studio Solution File, Format Version 12.00
# Visual Studio Version 17
VisualStudioVersion = 17.9.34701.34
MinimumVisualStudioVersion = 10.0.40219.1
Project("{FAE04EC0-301F-11D3-BF4B-00C04F79EFBC}") = "Package-Express", "Package-Express\Package-Express.csproj", "{8EBEA88E-5A5A-4DA0-A128-3802FCBD9E5C}"
EndProject
Global
	GlobalSection(SolutionConfigurationPlatforms) = preSolution
		Debug|Any CPU = Debug|Any CPU
		Release|Any CPU = Release|Any CPU
	EndGlobalSection
	GlobalSection(ProjectConfigurationPlatforms) = postSolution
		{8EBEA88E-5A5A-4DA0-A128-3802FCBD9E5C}.Debug|Any CPU.ActiveCfg = Debug|Any CPU
		{8EBEA88E-5A5A-4DA0-A128-3802FCBD9E5C}.Debug|Any CPU.Build.0 = Debug|Any CPU
		{8EBEA88E-5A5A-4DA0-A128-3802FCBD9E5C}.Release|Any CPU.ActiveCfg = Release|Any CPU
		{8EBEA88E-5A5A-4DA0-A128-3802FCBD9E5C}.Release|Any CPU.Build.0 = Release|Any CPU
	EndGlobalSection
	GlobalSection(SolutionProperties) = preSolution
		HideSolutionNode = FALSE
	EndGlobalSection
	GlobalSection(ExtensibilityGlobals) = postSolution
		SolutionGuid = {D2C3408C-D4A2-4AC5-B3E3-5D75CE6E36FF}
	EndGlobalSection
EndGlobal
